
Microsoft Visual Studio Solution File, Format Version 12.00
# Visual Studio Version 17
VisualStudioVersion = 17.11.35222.181
MinimumVisualStudioVersion = 10.0.40219.1
Project("{FAE04EC0-301F-11D3-BF4B-00C04F79EFBC}") = "MIEVA001", "MIEVA001\MIEVA001.csproj", "{55F46D49-7E71-4AC1-B11E-6D6D0C82EABB}"
EndProject
Global
	GlobalSection(SolutionConfigurationPlatforms) = preSolution
		Debug|Any CPU = Debug|Any CPU
		Release|Any CPU = Release|Any CPU
	EndGlobalSection
	GlobalSection(ProjectConfigurationPlatforms) = postSolution
		{55F46D49-7E71-4AC1-B11E-6D6D0C82EABB}.Debug|Any CPU.ActiveCfg = Debug|Any CPU
		{55F46D49-7E71-4AC1-B11E-6D6D0C82EABB}.Debug|Any CPU.Build.0 = Debug|Any CPU
		{55F46D49-7E71-4AC1-B11E-6D6D0C82EABB}.Release|Any CPU.ActiveCfg = Release|Any CPU
		{55F46D49-7E71-4AC1-B11E-6D6D0C82EABB}.Release|Any CPU.Build.0 = Release|Any CPU
	EndGlobalSection
	GlobalSection(SolutionProperties) = preSolution
		HideSolutionNode = FALSE
	EndGlobalSection
	GlobalSection(ExtensibilityGlobals) = postSolution
		SolutionGuid = {1A723897-3EDA-4A99-83CF-04FC7D26A9D1}
	EndGlobalSection
EndGlobal
